// !$*UTF8*$!
{
	archiveVersion = 1;
	classes = {
	};
	objectVersion = 48;
	objects = {

/* Begin PBXBuildFile section */
		F30EEA96204B24820088D95D /* JogTableViewCell.swift in Sources */ = {isa = PBXBuildFile; fileRef = F30EEA95204B24820088D95D /* JogTableViewCell.swift */; };
		F30EEA98204B26BA0088D95D /* JogTableViewController.swift in Sources */ = {isa = PBXBuildFile; fileRef = F30EEA97204B26BA0088D95D /* JogTableViewController.swift */; };
		F30EEA9A204B290F0088D95D /* Jog.swift in Sources */ = {isa = PBXBuildFile; fileRef = F30EEA99204B290F0088D95D /* Jog.swift */; };
		F30EEA9C204B62F10088D95D /* JogViewController.swift in Sources */ = {isa = PBXBuildFile; fileRef = F30EEA9B204B62F10088D95D /* JogViewController.swift */; };
		F35BDC0F204A52EA008F1E52 /* AppDelegate.swift in Sources */ = {isa = PBXBuildFile; fileRef = F35BDC0E204A52EA008F1E52 /* AppDelegate.swift */; };
		F35BDC11204A52EA008F1E52 /* ViewController.swift in Sources */ = {isa = PBXBuildFile; fileRef = F35BDC10204A52EA008F1E52 /* ViewController.swift */; };
		F35BDC14204A52EA008F1E52 /* Main.storyboard in Resources */ = {isa = PBXBuildFile; fileRef = F35BDC12204A52EA008F1E52 /* Main.storyboard */; };
		F35BDC16204A52EA008F1E52 /* Assets.xcassets in Resources */ = {isa = PBXBuildFile; fileRef = F35BDC15204A52EA008F1E52 /* Assets.xcassets */; };
		F35BDC19204A52EA008F1E52 /* LaunchScreen.storyboard in Resources */ = {isa = PBXBuildFile; fileRef = F35BDC17204A52EA008F1E52 /* LaunchScreen.storyboard */; };
		F35BDC24204A52EA008F1E52 /* ToptalScreeningTests.swift in Sources */ = {isa = PBXBuildFile; fileRef = F35BDC23204A52EA008F1E52 /* ToptalScreeningTests.swift */; };
		F35BDC2F204A52EA008F1E52 /* ToptalScreeningUITests.swift in Sources */ = {isa = PBXBuildFile; fileRef = F35BDC2E204A52EA008F1E52 /* ToptalScreeningUITests.swift */; };
		F35BDC3D204A5954008F1E52 /* RegisterViewController.swift in Sources */ = {isa = PBXBuildFile; fileRef = F35BDC3C204A5954008F1E52 /* RegisterViewController.swift */; };
/* End PBXBuildFile section */

/* Begin PBXContainerItemProxy section */
		F35BDC20204A52EA008F1E52 /* PBXContainerItemProxy */ = {
			isa = PBXContainerItemProxy;
			containerPortal = F35BDC03204A52EA008F1E52 /* Project object */;
			proxyType = 1;
			remoteGlobalIDString = F35BDC0A204A52EA008F1E52;
			remoteInfo = ToptalScreening;
		};
		F35BDC2B204A52EA008F1E52 /* PBXContainerItemProxy */ = {
			isa = PBXContainerItemProxy;
			containerPortal = F35BDC03204A52EA008F1E52 /* Project object */;
			proxyType = 1;
			remoteGlobalIDString = F35BDC0A204A52EA008F1E52;
			remoteInfo = ToptalScreening;
		};
/* End PBXContainerItemProxy section */

/* Begin PBXFileReference section */
		F30EEA95204B24820088D95D /* JogTableViewCell.swift */ = {isa = PBXFileReference; lastKnownFileType = sourcecode.swift; path = JogTableViewCell.swift; sourceTree = "<group>"; };
		F30EEA97204B26BA0088D95D /* JogTableViewController.swift */ = {isa = PBXFileReference; lastKnownFileType = sourcecode.swift; path = JogTableViewController.swift; sourceTree = "<group>"; };
		F30EEA99204B290F0088D95D /* Jog.swift */ = {isa = PBXFileReference; lastKnownFileType = sourcecode.swift; path = Jog.swift; sourceTree = "<group>"; };
		F30EEA9B204B62F10088D95D /* JogViewController.swift */ = {isa = PBXFileReference; lastKnownFileType = sourcecode.swift; path = JogViewController.swift; sourceTree = "<group>"; };
		F35BDC0B204A52EA008F1E52 /* ToptalScreening.app */ = {isa = PBXFileReference; explicitFileType = wrapper.application; includeInIndex = 0; path = ToptalScreening.app; sourceTree = BUILT_PRODUCTS_DIR; };
		F35BDC0E204A52EA008F1E52 /* AppDelegate.swift */ = {isa = PBXFileReference; lastKnownFileType = sourcecode.swift; path = AppDelegate.swift; sourceTree = "<group>"; };
		F35BDC10204A52EA008F1E52 /* ViewController.swift */ = {isa = PBXFileReference; lastKnownFileType = sourcecode.swift; path = ViewController.swift; sourceTree = "<group>"; };
		F35BDC13204A52EA008F1E52 /* Base */ = {isa = PBXFileReference; lastKnownFileType = file.storyboard; name = Base; path = Base.lproj/Main.storyboard; sourceTree = "<group>"; };
		F35BDC15204A52EA008F1E52 /* Assets.xcassets */ = {isa = PBXFileReference; lastKnownFileType = folder.assetcatalog; path = Assets.xcassets; sourceTree = "<group>"; };
		F35BDC18204A52EA008F1E52 /* Base */ = {isa = PBXFileReference; lastKnownFileType = file.storyboard; name = Base; path = Base.lproj/LaunchScreen.storyboard; sourceTree = "<group>"; };
		F35BDC1A204A52EA008F1E52 /* Info.plist */ = {isa = PBXFileReference; lastKnownFileType = text.plist.xml; path = Info.plist; sourceTree = "<group>"; };
		F35BDC1F204A52EA008F1E52 /* ToptalScreeningTests.xctest */ = {isa = PBXFileReference; explicitFileType = wrapper.cfbundle; includeInIndex = 0; path = ToptalScreeningTests.xctest; sourceTree = BUILT_PRODUCTS_DIR; };
		F35BDC23204A52EA008F1E52 /* ToptalScreeningTests.swift */ = {isa = PBXFileReference; lastKnownFileType = sourcecode.swift; path = ToptalScreeningTests.swift; sourceTree = "<group>"; };
		F35BDC25204A52EA008F1E52 /* Info.plist */ = {isa = PBXFileReference; lastKnownFileType = text.plist.xml; path = Info.plist; sourceTree = "<group>"; };
		F35BDC2A204A52EA008F1E52 /* ToptalScreeningUITests.xctest */ = {isa = PBXFileReference; explicitFileType = wrapper.cfbundle; includeInIndex = 0; path = ToptalScreeningUITests.xctest; sourceTree = BUILT_PRODUCTS_DIR; };
		F35BDC2E204A52EA008F1E52 /* ToptalScreeningUITests.swift */ = {isa = PBXFileReference; lastKnownFileType = sourcecode.swift; path = ToptalScreeningUITests.swift; sourceTree = "<group>"; };
		F35BDC30204A52EA008F1E52 /* Info.plist */ = {isa = PBXFileReference; lastKnownFileType = text.plist.xml; path = Info.plist; sourceTree = "<group>"; };
		F35BDC3C204A5954008F1E52 /* RegisterViewController.swift */ = {isa = PBXFileReference; lastKnownFileType = sourcecode.swift; path = RegisterViewController.swift; sourceTree = "<group>"; };
/* End PBXFileReference section */

/* Begin PBXFrameworksBuildPhase section */
		F35BDC08204A52EA008F1E52 /* Frameworks */ = {
			isa = PBXFrameworksBuildPhase;
			buildActionMask = 2147483647;
			files = (
			);
			runOnlyForDeploymentPostprocessing = 0;
		};
		F35BDC1C204A52EA008F1E52 /* Frameworks */ = {
			isa = PBXFrameworksBuildPhase;
			buildActionMask = 2147483647;
			files = (
			);
			runOnlyForDeploymentPostprocessing = 0;
		};
		F35BDC27204A52EA008F1E52 /* Frameworks */ = {
			isa = PBXFrameworksBuildPhase;
			buildActionMask = 2147483647;
			files = (
			);
			runOnlyForDeploymentPostprocessing = 0;
		};
/* End PBXFrameworksBuildPhase section */

/* Begin PBXGroup section */
		F35BDC02204A52EA008F1E52 = {
			isa = PBXGroup;
			children = (
				F35BDC0D204A52EA008F1E52 /* ToptalScreening */,
				F35BDC22204A52EA008F1E52 /* ToptalScreeningTests */,
				F35BDC2D204A52EA008F1E52 /* ToptalScreeningUITests */,
				F35BDC0C204A52EA008F1E52 /* Products */,
			);
			sourceTree = "<group>";
		};
		F35BDC0C204A52EA008F1E52 /* Products */ = {
			isa = PBXGroup;
			children = (
				F35BDC0B204A52EA008F1E52 /* ToptalScreening.app */,
				F35BDC1F204A52EA008F1E52 /* ToptalScreeningTests.xctest */,
				F35BDC2A204A52EA008F1E52 /* ToptalScreeningUITests.xctest */,
			);
			name = Products;
			sourceTree = "<group>";
		};
		F35BDC0D204A52EA008F1E52 /* ToptalScreening */ = {
			isa = PBXGroup;
			children = (
				F35BDC0E204A52EA008F1E52 /* AppDelegate.swift */,
				F35BDC10204A52EA008F1E52 /* ViewController.swift */,
				F35BDC12204A52EA008F1E52 /* Main.storyboard */,
				F30EEA9B204B62F10088D95D /* JogViewController.swift */,
				F30EEA97204B26BA0088D95D /* JogTableViewController.swift */,
				F30EEA99204B290F0088D95D /* Jog.swift */,
				F30EEA95204B24820088D95D /* JogTableViewCell.swift */,
				F35BDC15204A52EA008F1E52 /* Assets.xcassets */,
				F35BDC17204A52EA008F1E52 /* LaunchScreen.storyboard */,
				F35BDC1A204A52EA008F1E52 /* Info.plist */,
				F35BDC3C204A5954008F1E52 /* RegisterViewController.swift */,
			);
			path = ToptalScreening;
			sourceTree = "<group>";
		};
		F35BDC22204A52EA008F1E52 /* ToptalScreeningTests */ = {
			isa = PBXGroup;
			children = (
				F35BDC23204A52EA008F1E52 /* ToptalScreeningTests.swift */,
				F35BDC25204A52EA008F1E52 /* Info.plist */,
			);
			path = ToptalScreeningTests;
			sourceTree = "<group>";
		};
		F35BDC2D204A52EA008F1E52 /* ToptalScreeningUITests */ = {
			isa = PBXGroup;
			children = (
				F35BDC2E204A52EA008F1E52 /* ToptalScreeningUITests.swift */,
				F35BDC30204A52EA008F1E52 /* Info.plist */,
			);
			path = ToptalScreeningUITests;
			sourceTree = "<group>";
		};
/* End PBXGroup section */

/* Begin PBXNativeTarget section */
		F35BDC0A204A52EA008F1E52 /* ToptalScreening */ = {
			isa = PBXNativeTarget;
			buildConfigurationList = F35BDC33204A52EA008F1E52 /* Build configuration list for PBXNativeTarget "ToptalScreening" */;
			buildPhases = (
				F35BDC07204A52EA008F1E52 /* Sources */,
				F35BDC08204A52EA008F1E52 /* Frameworks */,
				F35BDC09204A52EA008F1E52 /* Resources */,
			);
			buildRules = (
			);
			dependencies = (
			);
			name = ToptalScreening;
			productName = ToptalScreening;
			productReference = F35BDC0B204A52EA008F1E52 /* ToptalScreening.app */;
			productType = "com.apple.product-type.application";
		};
		F35BDC1E204A52EA008F1E52 /* ToptalScreeningTests */ = {
			isa = PBXNativeTarget;
			buildConfigurationList = F35BDC36204A52EA008F1E52 /* Build configuration list for PBXNativeTarget "ToptalScreeningTests" */;
			buildPhases = (
				F35BDC1B204A52EA008F1E52 /* Sources */,
				F35BDC1C204A52EA008F1E52 /* Frameworks */,
				F35BDC1D204A52EA008F1E52 /* Resources */,
			);
			buildRules = (
			);
			dependencies = (
				F35BDC21204A52EA008F1E52 /* PBXTargetDependency */,
			);
			name = ToptalScreeningTests;
			productName = ToptalScreeningTests;
			productReference = F35BDC1F204A52EA008F1E52 /* ToptalScreeningTests.xctest */;
			productType = "com.apple.product-type.bundle.unit-test";
		};
		F35BDC29204A52EA008F1E52 /* ToptalScreeningUITests */ = {
			isa = PBXNativeTarget;
			buildConfigurationList = F35BDC39204A52EA008F1E52 /* Build configuration list for PBXNativeTarget "ToptalScreeningUITests" */;
			buildPhases = (
				F35BDC26204A52EA008F1E52 /* Sources */,
				F35BDC27204A52EA008F1E52 /* Frameworks */,
				F35BDC28204A52EA008F1E52 /* Resources */,
			);
			buildRules = (
			);
			dependencies = (
				F35BDC2C204A52EA008F1E52 /* PBXTargetDependency */,
			);
			name = ToptalScreeningUITests;
			productName = ToptalScreeningUITests;
			productReference = F35BDC2A204A52EA008F1E52 /* ToptalScreeningUITests.xctest */;
			productType = "com.apple.product-type.bundle.ui-testing";
		};
/* End PBXNativeTarget section */

/* Begin PBXProject section */
		F35BDC03204A52EA008F1E52 /* Project object */ = {
			isa = PBXProject;
			attributes = {
				LastSwiftUpdateCheck = 0900;
				LastUpgradeCheck = 0900;
				ORGANIZATIONNAME = Shbli;
				TargetAttributes = {
					F35BDC0A204A52EA008F1E52 = {
						CreatedOnToolsVersion = 9.0;
						ProvisioningStyle = Automatic;
					};
					F35BDC1E204A52EA008F1E52 = {
						CreatedOnToolsVersion = 9.0;
						ProvisioningStyle = Automatic;
						TestTargetID = F35BDC0A204A52EA008F1E52;
					};
					F35BDC29204A52EA008F1E52 = {
						CreatedOnToolsVersion = 9.0;
						ProvisioningStyle = Automatic;
						TestTargetID = F35BDC0A204A52EA008F1E52;
					};
				};
			};
			buildConfigurationList = F35BDC06204A52EA008F1E52 /* Build configuration list for PBXProject "ToptalScreening" */;
			compatibilityVersion = "Xcode 8.0";
			developmentRegion = en;
			hasScannedForEncodings = 0;
			knownRegions = (
				en,
				Base,
			);
			mainGroup = F35BDC02204A52EA008F1E52;
			productRefGroup = F35BDC0C204A52EA008F1E52 /* Products */;
			projectDirPath = "";
			projectRoot = "";
			targets = (
				F35BDC0A204A52EA008F1E52 /* ToptalScreening */,
				F35BDC1E204A52EA008F1E52 /* ToptalScreeningTests */,
				F35BDC29204A52EA008F1E52 /* ToptalScreeningUITests */,
			);
		};
/* End PBXProject section */

/* Begin PBXResourcesBuildPhase section */
		F35BDC09204A52EA008F1E52 /* Resources */ = {
			isa = PBXResourcesBuildPhase;
			buildActionMask = 2147483647;
			files = (
				F35BDC19204A52EA008F1E52 /* LaunchScreen.storyboard in Resources */,
				F35BDC16204A52EA008F1E52 /* Assets.xcassets in Resources */,
				F35BDC14204A52EA008F1E52 /* Main.storyboard in Resources */,
			);
			runOnlyForDeploymentPostprocessing = 0;
		};
		F35BDC1D204A52EA008F1E52 /* Resources */ = {
			isa = PBXResourcesBuildPhase;
			buildActionMask = 2147483647;
			files = (
			);
			runOnlyForDeploymentPostprocessing = 0;
		};
		F35BDC28204A52EA008F1E52 /* Resources */ = {
			isa = PBXResourcesBuildPhase;
			buildActionMask = 2147483647;
			files = (
			);
			runOnlyForDeploymentPostprocessing = 0;
		};
/* End PBXResourcesBuildPhase section */

/* Begin PBXSourcesBuildPhase section */
		F35BDC07204A52EA008F1E52 /* Sources */ = {
			isa = PBXSourcesBuildPhase;
			buildActionMask = 2147483647;
			files = (
				F30EEA96204B24820088D95D /* JogTableViewCell.swift in Sources */,
				F35BDC3D204A5954008F1E52 /* RegisterViewController.swift in Sources */,
				F30EEA98204B26BA0088D95D /* JogTableViewController.swift in Sources */,
				F35BDC11204A52EA008F1E52 /* ViewController.swift in Sources */,
				F30EEA9A204B290F0088D95D /* Jog.swift in Sources */,
				F35BDC0F204A52EA008F1E52 /* AppDelegate.swift in Sources */,
				F30EEA9C204B62F10088D95D /* JogViewController.swift in Sources */,
			);
			runOnlyForDeploymentPostprocessing = 0;
		};
		F35BDC1B204A52EA008F1E52 /* Sources */ = {
			isa = PBXSourcesBuildPhase;
			buildActionMask = 2147483647;
			files = (
				F35BDC24204A52EA008F1E52 /* ToptalScreeningTests.swift in Sources */,
			);
			runOnlyForDeploymentPostprocessing = 0;
		};
		F35BDC26204A52EA008F1E52 /* Sources */ = {
			isa = PBXSourcesBuildPhase;
			buildActionMask = 2147483647;
			files = (
				F35BDC2F204A52EA008F1E52 /* ToptalScreeningUITests.swift in Sources */,
			);
			runOnlyForDeploymentPostprocessing = 0;
		};
/* End PBXSourcesBuildPhase section */

/* Begin PBXTargetDependency section */
		F35BDC21204A52EA008F1E52 /* PBXTargetDependency */ = {
			isa = PBXTargetDependency;
			target = F35BDC0A204A52EA008F1E52 /* ToptalScreening */;
			targetProxy = F35BDC20204A52EA008F1E52 /* PBXContainerItemProxy */;
		};
		F35BDC2C204A52EA008F1E52 /* PBXTargetDependency */ = {
			isa = PBXTargetDependency;
			target = F35BDC0A204A52EA008F1E52 /* ToptalScreening */;
			targetProxy = F35BDC2B204A52EA008F1E52 /* PBXContainerItemProxy */;
		};
/* End PBXTargetDependency section */

/* Begin PBXVariantGroup section */
		F35BDC12204A52EA008F1E52 /* Main.storyboard */ = {
			isa = PBXVariantGroup;
			children = (
				F35BDC13204A52EA008F1E52 /* Base */,
			);
			name = Main.storyboard;
			sourceTree = "<group>";
		};
		F35BDC17204A52EA008F1E52 /* LaunchScreen.storyboard */ = {
			isa = PBXVariantGroup;
			children = (
				F35BDC18204A52EA008F1E52 /* Base */,
			);
			name = LaunchScreen.storyboard;
			sourceTree = "<group>";
		};
/* End PBXVariantGroup section */

/* Begin XCBuildConfiguration section */
		F35BDC31204A52EA008F1E52 /* Debug */ = {
			isa = XCBuildConfiguration;
			buildSettings = {
				ALWAYS_SEARCH_USER_PATHS = NO;
				CLANG_ANALYZER_NONNULL = YES;
				CLANG_ANALYZER_NUMBER_OBJECT_CONVERSION = YES_AGGRESSIVE;
				CLANG_CXX_LANGUAGE_STANDARD = "gnu++14";
				CLANG_CXX_LIBRARY = "libc++";
				CLANG_ENABLE_MODULES = YES;
				CLANG_ENABLE_OBJC_ARC = YES;
				CLANG_WARN_BLOCK_CAPTURE_AUTORELEASING = YES;
				CLANG_WARN_BOOL_CONVERSION = YES;
				CLANG_WARN_COMMA = YES;
				CLANG_WARN_CONSTANT_CONVERSION = YES;
				CLANG_WARN_DIRECT_OBJC_ISA_USAGE = YES_ERROR;
				CLANG_WARN_DOCUMENTATION_COMMENTS = YES;
				CLANG_WARN_EMPTY_BODY = YES;
				CLANG_WARN_ENUM_CONVERSION = YES;
				CLANG_WARN_INFINITE_RECURSION = YES;
				CLANG_WARN_INT_CONVERSION = YES;
				CLANG_WARN_NON_LITERAL_NULL_CONVERSION = YES;
				CLANG_WARN_OBJC_LITERAL_CONVERSION = YES;
				CLANG_WARN_OBJC_ROOT_CLASS = YES_ERROR;
				CLANG_WARN_RANGE_LOOP_ANALYSIS = YES;
				CLANG_WARN_STRICT_PROTOTYPES = YES;
				CLANG_WARN_SUSPICIOUS_MOVE = YES;
				CLANG_WARN_UNGUARDED_AVAILABILITY = YES_AGGRESSIVE;
				CLANG_WARN_UNREACHABLE_CODE = YES;
				CLANG_WARN__DUPLICATE_METHOD_MATCH = YES;
				CODE_SIGN_IDENTITY = "iPhone Developer";
				COPY_PHASE_STRIP = NO;
				DEBUG_INFORMATION_FORMAT = dwarf;
				ENABLE_STRICT_OBJC_MSGSEND = YES;
				ENABLE_TESTABILITY = YES;
				GCC_C_LANGUAGE_STANDARD = gnu11;
				GCC_DYNAMIC_NO_PIC = NO;
				GCC_NO_COMMON_BLOCKS = YES;
				GCC_OPTIMIZATION_LEVEL = 0;
				GCC_PREPROCESSOR_DEFINITIONS = (
					"DEBUG=1",
					"$(inherited)",
				);
				GCC_WARN_64_TO_32_BIT_CONVERSION = YES;
				GCC_WARN_ABOUT_RETURN_TYPE = YES_ERROR;
				GCC_WARN_UNDECLARED_SELECTOR = YES;
				GCC_WARN_UNINITIALIZED_AUTOS = YES_AGGRESSIVE;
				GCC_WARN_UNUSED_FUNCTION = YES;
				GCC_WARN_UNUSED_VARIABLE = YES;
				IPHONEOS_DEPLOYMENT_TARGET = 11.0;
				MTL_ENABLE_DEBUG_INFO = YES;
				ONLY_ACTIVE_ARCH = YES;
				SDKROOT = iphoneos;
				SWIFT_ACTIVE_COMPILATION_CONDITIONS = DEBUG;
				SWIFT_OPTIMIZATION_LEVEL = "-Onone";
			};
			name = Debug;
		};
		F35BDC32204A52EA008F1E52 /* Release */ = {
			isa = XCBuildConfiguration;
			buildSettings = {
				ALWAYS_SEARCH_USER_PATHS = NO;
				CLANG_ANALYZER_NONNULL = YES;
				CLANG_ANALYZER_NUMBER_OBJECT_CONVERSION = YES_AGGRESSIVE;
				CLANG_CXX_LANGUAGE_STANDARD = "gnu++14";
				CLANG_CXX_LIBRARY = "libc++";
				CLANG_ENABLE_MODULES = YES;
				CLANG_ENABLE_OBJC_ARC = YES;
				CLANG_WARN_BLOCK_CAPTURE_AUTORELEASING = YES;
				CLANG_WARN_BOOL_CONVERSION = YES;
				CLANG_WARN_COMMA = YES;
				CLANG_WARN_CONSTANT_CONVERSION = YES;
				CLANG_WARN_DIRECT_OBJC_ISA_USAGE = YES_ERROR;
				CLANG_WARN_DOCUMENTATION_COMMENTS = YES;
				CLANG_WARN_EMPTY_BODY = YES;
				CLANG_WARN_ENUM_CONVERSION = YES;
				CLANG_WARN_INFINITE_RECURSION = YES;
				CLANG_WARN_INT_CONVERSION = YES;
				CLANG_WARN_NON_LITERAL_NULL_CONVERSION = YES;
				CLANG_WARN_OBJC_LITERAL_CONVERSION = YES;
				CLANG_WARN_OBJC_ROOT_CLASS = YES_ERROR;
				CLANG_WARN_RANGE_LOOP_ANALYSIS = YES;
				CLANG_WARN_STRICT_PROTOTYPES = YES;
				CLANG_WARN_SUSPICIOUS_MOVE = YES;
				CLANG_WARN_UNGUARDED_AVAILABILITY = YES_AGGRESSIVE;
				CLANG_WARN_UNREACHABLE_CODE = YES;
				CLANG_WARN__DUPLICATE_METHOD_MATCH = YES;
				CODE_SIGN_IDENTITY = "iPhone Developer";
				COPY_PHASE_STRIP = NO;
				DEBUG_INFORMATION_FORMAT = "dwarf-with-dsym";
				ENABLE_NS_ASSERTIONS = NO;
				ENABLE_STRICT_OBJC_MSGSEND = YES;
				GCC_C_LANGUAGE_STANDARD = gnu11;
				GCC_NO_COMMON_BLOCKS = YES;
				GCC_WARN_64_TO_32_BIT_CONVERSION = YES;
				GCC_WARN_ABOUT_RETURN_TYPE = YES_ERROR;
				GCC_WARN_UNDECLARED_SELECTOR = YES;
				GCC_WARN_UNINITIALIZED_AUTOS = YES_AGGRESSIVE;
				GCC_WARN_UNUSED_FUNCTION = YES;
				GCC_WARN_UNUSED_VARIABLE = YES;
				IPHONEOS_DEPLOYMENT_TARGET = 11.0;
				MTL_ENABLE_DEBUG_INFO = NO;
				SDKROOT = iphoneos;
				SWIFT_OPTIMIZATION_LEVEL = "-Owholemodule";
				VALIDATE_PRODUCT = YES;
			};
			name = Release;
		};
		F35BDC34204A52EA008F1E52 /* Debug */ = {
			isa = XCBuildConfiguration;
			buildSettings = {
				ASSETCATALOG_COMPILER_APPICON_NAME = AppIcon;
				CODE_SIGN_STYLE = Automatic;
				DEVELOPMENT_TEAM = 45ZQ7TG96W;
				INFOPLIST_FILE = ToptalScreening/Info.plist;
				LD_RUNPATH_SEARCH_PATHS = "$(inherited) @executable_path/Frameworks";
				PRODUCT_BUNDLE_IDENTIFIER = com.Shbli.ToptalTechScreening;
				PRODUCT_NAME = "$(TARGET_NAME)";
				SWIFT_VERSION = 4.0;
				TARGETED_DEVICE_FAMILY = "1,2";
			};
			name = Debug;
		};
		F35BDC35204A52EA008F1E52 /* Release */ = {
			isa = XCBuildConfiguration;
			buildSettings = {
				ASSETCATALOG_COMPILER_APPICON_NAME = AppIcon;
				CODE_SIGN_STYLE = Automatic;
				DEVELOPMENT_TEAM = 45ZQ7TG96W;
				INFOPLIST_FILE = ToptalScreening/Info.plist;
				LD_RUNPATH_SEARCH_PATHS = "$(inherited) @executable_path/Frameworks";
				PRODUCT_BUNDLE_IDENTIFIER = com.Shbli.ToptalTechScreening;
				PRODUCT_NAME = "$(TARGET_NAME)";
				SWIFT_VERSION = 4.0;
				TARGETED_DEVICE_FAMILY = "1,2";
			};
			name = Release;
		};
		F35BDC37204A52EA008F1E52 /* Debug */ = {
			isa = XCBuildConfiguration;
			buildSettings = {
				ALWAYS_EMBED_SWIFT_STANDARD_LIBRARIES = YES;
				BUNDLE_LOADER = "$(TEST_HOST)";
				CODE_SIGN_STYLE = Automatic;
				DEVELOPMENT_TEAM = 8DHF3523V5;
				INFOPLIST_FILE = ToptalScreeningTests/Info.plist;
				LD_RUNPATH_SEARCH_PATHS = "$(inherited) @executable_path/Frameworks @loader_path/Frameworks";
				PRODUCT_BUNDLE_IDENTIFIER = com.Shbli.ToptalScreeningTests;
				PRODUCT_NAME = "$(TARGET_NAME)";
				SWIFT_VERSION = 4.0;
				TARGETED_DEVICE_FAMILY = "1,2";
				TEST_HOST = "$(BUILT_PRODUCTS_DIR)/ToptalScreening.app/ToptalScreening";
			};
			name = Debug;
		};
		F35BDC38204A52EA008F1E52 /* Release */ = {
			isa = XCBuildConfiguration;
			buildSettings = {
				ALWAYS_EMBED_SWIFT_STANDARD_LIBRARIES = YES;
				BUNDLE_LOADER = "$(TEST_HOST)";
				CODE_SIGN_STYLE = Automatic;
				DEVELOPMENT_TEAM = 8DHF3523V5;
				INFOPLIST_FILE = ToptalScreeningTests/Info.plist;
				LD_RUNPATH_SEARCH_PATHS = "$(inherited) @executable_path/Frameworks @loader_path/Frameworks";
				PRODUCT_BUNDLE_IDENTIFIER = com.Shbli.ToptalScreeningTests;
				PRODUCT_NAME = "$(TARGET_NAME)";
				SWIFT_VERSION = 4.0;
				TARGETED_DEVICE_FAMILY = "1,2";
				TEST_HOST = "$(BUILT_PRODUCTS_DIR)/ToptalScreening.app/ToptalScreening";
			};
			name = Release;
		};
		F35BDC3A204A52EA008F1E52 /* Debug */ = {
			isa = XCBuildConfiguration;
			buildSettings = {
				ALWAYS_EMBED_SWIFT_STANDARD_LIBRARIES = YES;
				CODE_SIGN_STYLE = Automatic;
				DEVELOPMENT_TEAM = 8DHF3523V5;
				INFOPLIST_FILE = ToptalScreeningUITests/Info.plist;
				LD_RUNPATH_SEARCH_PATHS = "$(inherited) @executable_path/Frameworks @loader_path/Frameworks";
				PRODUCT_BUNDLE_IDENTIFIER = com.Shbli.ToptalScreeningUITests;
				PRODUCT_NAME = "$(TARGET_NAME)";
				SWIFT_VERSION = 4.0;
				TARGETED_DEVICE_FAMILY = "1,2";
				TEST_TARGET_NAME = ToptalScreening;
			};
			name = Debug;
		};
		F35BDC3B204A52EA008F1E52 /* Release */ = {
			isa = XCBuildConfiguration;
			buildSettings = {
				ALWAYS_EMBED_SWIFT_STANDARD_LIBRARIES = YES;
				CODE_SIGN_STYLE = Automatic;
				DEVELOPMENT_TEAM = 8DHF3523V5;
				INFOPLIST_FILE = ToptalScreeningUITests/Info.plist;
				LD_RUNPATH_SEARCH_PATHS = "$(inherited) @executable_path/Frameworks @loader_path/Frameworks";
				PRODUCT_BUNDLE_IDENTIFIER = com.Shbli.ToptalScreeningUITests;
				PRODUCT_NAME = "$(TARGET_NAME)";
				SWIFT_VERSION = 4.0;
				TARGETED_DEVICE_FAMILY = "1,2";
				TEST_TARGET_NAME = ToptalScreening;
			};
			name = Release;
		};
/* End XCBuildConfiguration section */

/* Begin XCConfigurationList section */
		F35BDC06204A52EA008F1E52 /* Build configuration list for PBXProject "ToptalScreening" */ = {
			isa = XCConfigurationList;
			buildConfigurations = (
				F35BDC31204A52EA008F1E52 /* Debug */,
				F35BDC32204A52EA008F1E52 /* Release */,
			);
			defaultConfigurationIsVisible = 0;
			defaultConfigurationName = Release;
		};
		F35BDC33204A52EA008F1E52 /* Build configuration list for PBXNativeTarget "ToptalScreening" */ = {
			isa = XCConfigurationList;
			buildConfigurations = (
				F35BDC34204A52EA008F1E52 /* Debug */,
				F35BDC35204A52EA008F1E52 /* Release */,
			);
			defaultConfigurationIsVisible = 0;
			defaultConfigurationName = Release;
		};
		F35BDC36204A52EA008F1E52 /* Build configuration list for PBXNativeTarget "ToptalScreeningTests" */ = {
			isa = XCConfigurationList;
			buildConfigurations = (
				F35BDC37204A52EA008F1E52 /* Debug */,
				F35BDC38204A52EA008F1E52 /* Release */,
			);
			defaultConfigurationIsVisible = 0;
			defaultConfigurationName = Release;
		};
		F35BDC39204A52EA008F1E52 /* Build configuration list for PBXNativeTarget "ToptalScreeningUITests" */ = {
			isa = XCConfigurationList;
			buildConfigurations = (
				F35BDC3A204A52EA008F1E52 /* Debug */,
				F35BDC3B204A52EA008F1E52 /* Release */,
			);
			defaultConfigurationIsVisible = 0;
			defaultConfigurationName = Release;
		};
/* End XCConfigurationList section */
	};
	rootObject = F35BDC03204A52EA008F1E52 /* Project object */;
}
